// !$*UTF8*$!
{
	archiveVersion = 1;
	classes = {
	};
	objectVersion = 55;
	objects = {

/* Begin PBXBuildFile section */
		F498D3142897F0450082D6B4 /* Pokemon.swift in Sources */ = {isa = PBXBuildFile; fileRef = F498D3132897F0450082D6B4 /* Pokemon.swift */; };
		F498D3162898012A0082D6B4 /* PokemonsModel.swift in Sources */ = {isa = PBXBuildFile; fileRef = F498D3152898012A0082D6B4 /* PokemonsModel.swift */; };
		F498D318289802BC0082D6B4 /* DataEndPoints.swift in Sources */ = {isa = PBXBuildFile; fileRef = F498D317289802BC0082D6B4 /* DataEndPoints.swift */; };
		F498D31B289803AC0082D6B4 /* URLSessionManager.swift in Sources */ = {isa = PBXBuildFile; fileRef = F498D31A289803AC0082D6B4 /* URLSessionManager.swift */; };
		F49B428F2894009500BE97D7 /* AppDelegate.swift in Sources */ = {isa = PBXBuildFile; fileRef = F49B428E2894009500BE97D7 /* AppDelegate.swift */; };
		F49B42912894009500BE97D7 /* SceneDelegate.swift in Sources */ = {isa = PBXBuildFile; fileRef = F49B42902894009500BE97D7 /* SceneDelegate.swift */; };
		F49B42962894009500BE97D7 /* Main.storyboard in Resources */ = {isa = PBXBuildFile; fileRef = F49B42942894009500BE97D7 /* Main.storyboard */; };
		F49B42982894009700BE97D7 /* Assets.xcassets in Resources */ = {isa = PBXBuildFile; fileRef = F49B42972894009700BE97D7 /* Assets.xcassets */; };
		F49B429B2894009700BE97D7 /* LaunchScreen.storyboard in Resources */ = {isa = PBXBuildFile; fileRef = F49B42992894009700BE97D7 /* LaunchScreen.storyboard */; };
		F49B42A62894009800BE97D7 /* PokemonTaskTests.swift in Sources */ = {isa = PBXBuildFile; fileRef = F49B42A52894009800BE97D7 /* PokemonTaskTests.swift */; };
		F49B42B02894009800BE97D7 /* PokemonTaskUITests.swift in Sources */ = {isa = PBXBuildFile; fileRef = F49B42AF2894009800BE97D7 /* PokemonTaskUITests.swift */; };
		F49B42B22894009800BE97D7 /* PokemonTaskUITestsLaunchTests.swift in Sources */ = {isa = PBXBuildFile; fileRef = F49B42B12894009800BE97D7 /* PokemonTaskUITestsLaunchTests.swift */; };
		F49B42C52894049D00BE97D7 /* Extension+CustomUIView.swift in Sources */ = {isa = PBXBuildFile; fileRef = F49B42C42894049D00BE97D7 /* Extension+CustomUIView.swift */; };
		F49B42C72894057600BE97D7 /* HomeViewController.swift in Sources */ = {isa = PBXBuildFile; fileRef = F49B42C62894057600BE97D7 /* HomeViewController.swift */; };
		F49B42C92894087B00BE97D7 /* Extension+UIFont.swift in Sources */ = {isa = PBXBuildFile; fileRef = F49B42C82894087B00BE97D7 /* Extension+UIFont.swift */; };
		F49B42CC28940BEC00BE97D7 /* ViewConstants.swift in Sources */ = {isa = PBXBuildFile; fileRef = F49B42CB28940BEC00BE97D7 /* ViewConstants.swift */; };
		F49B42CE28940CDB00BE97D7 /* Extension+Int.swift in Sources */ = {isa = PBXBuildFile; fileRef = F49B42CD28940CDB00BE97D7 /* Extension+Int.swift */; };
		F49B42D128940E7900BE97D7 /* Extension+CustomUIButton.swift in Sources */ = {isa = PBXBuildFile; fileRef = F49B42D028940E7900BE97D7 /* Extension+CustomUIButton.swift */; };
/* End PBXBuildFile section */

/* Begin PBXContainerItemProxy section */
		F49B42A22894009800BE97D7 /* PBXContainerItemProxy */ = {
			isa = PBXContainerItemProxy;
			containerPortal = F49B42832894009500BE97D7 /* Project object */;
			proxyType = 1;
			remoteGlobalIDString = F49B428A2894009500BE97D7;
			remoteInfo = PokemonTask;
		};
		F49B42AC2894009800BE97D7 /* PBXContainerItemProxy */ = {
			isa = PBXContainerItemProxy;
			containerPortal = F49B42832894009500BE97D7 /* Project object */;
			proxyType = 1;
			remoteGlobalIDString = F49B428A2894009500BE97D7;
			remoteInfo = PokemonTask;
		};
/* End PBXContainerItemProxy section */

/* Begin PBXFileReference section */
		F498D3132897F0450082D6B4 /* Pokemon.swift */ = {isa = PBXFileReference; lastKnownFileType = sourcecode.swift; path = Pokemon.swift; sourceTree = "<group>"; };
		F498D3152898012A0082D6B4 /* PokemonsModel.swift */ = {isa = PBXFileReference; lastKnownFileType = sourcecode.swift; path = PokemonsModel.swift; sourceTree = "<group>"; };
		F498D317289802BC0082D6B4 /* DataEndPoints.swift */ = {isa = PBXFileReference; lastKnownFileType = sourcecode.swift; path = DataEndPoints.swift; sourceTree = "<group>"; };
		F498D31A289803AC0082D6B4 /* URLSessionManager.swift */ = {isa = PBXFileReference; lastKnownFileType = sourcecode.swift; path = URLSessionManager.swift; sourceTree = "<group>"; };
		F49B428B2894009500BE97D7 /* PokemonTask.app */ = {isa = PBXFileReference; explicitFileType = wrapper.application; includeInIndex = 0; path = PokemonTask.app; sourceTree = BUILT_PRODUCTS_DIR; };
		F49B428E2894009500BE97D7 /* AppDelegate.swift */ = {isa = PBXFileReference; lastKnownFileType = sourcecode.swift; path = AppDelegate.swift; sourceTree = "<group>"; };
		F49B42902894009500BE97D7 /* SceneDelegate.swift */ = {isa = PBXFileReference; lastKnownFileType = sourcecode.swift; path = SceneDelegate.swift; sourceTree = "<group>"; };
		F49B42952894009500BE97D7 /* Base */ = {isa = PBXFileReference; lastKnownFileType = file.storyboard; name = Base; path = Base.lproj/Main.storyboard; sourceTree = "<group>"; };
		F49B42972894009700BE97D7 /* Assets.xcassets */ = {isa = PBXFileReference; lastKnownFileType = folder.assetcatalog; path = Assets.xcassets; sourceTree = "<group>"; };
		F49B429A2894009700BE97D7 /* Base */ = {isa = PBXFileReference; lastKnownFileType = file.storyboard; name = Base; path = Base.lproj/LaunchScreen.storyboard; sourceTree = "<group>"; };
		F49B429C2894009700BE97D7 /* Info.plist */ = {isa = PBXFileReference; lastKnownFileType = text.plist.xml; path = Info.plist; sourceTree = "<group>"; };
		F49B42A12894009800BE97D7 /* PokemonTaskTests.xctest */ = {isa = PBXFileReference; explicitFileType = wrapper.cfbundle; includeInIndex = 0; path = PokemonTaskTests.xctest; sourceTree = BUILT_PRODUCTS_DIR; };
		F49B42A52894009800BE97D7 /* PokemonTaskTests.swift */ = {isa = PBXFileReference; lastKnownFileType = sourcecode.swift; path = PokemonTaskTests.swift; sourceTree = "<group>"; };
		F49B42AB2894009800BE97D7 /* PokemonTaskUITests.xctest */ = {isa = PBXFileReference; explicitFileType = wrapper.cfbundle; includeInIndex = 0; path = PokemonTaskUITests.xctest; sourceTree = BUILT_PRODUCTS_DIR; };
		F49B42AF2894009800BE97D7 /* PokemonTaskUITests.swift */ = {isa = PBXFileReference; lastKnownFileType = sourcecode.swift; path = PokemonTaskUITests.swift; sourceTree = "<group>"; };
		F49B42B12894009800BE97D7 /* PokemonTaskUITestsLaunchTests.swift */ = {isa = PBXFileReference; lastKnownFileType = sourcecode.swift; path = PokemonTaskUITestsLaunchTests.swift; sourceTree = "<group>"; };
		F49B42C42894049D00BE97D7 /* Extension+CustomUIView.swift */ = {isa = PBXFileReference; lastKnownFileType = sourcecode.swift; path = "Extension+CustomUIView.swift"; sourceTree = "<group>"; };
		F49B42C62894057600BE97D7 /* HomeViewController.swift */ = {isa = PBXFileReference; lastKnownFileType = sourcecode.swift; path = HomeViewController.swift; sourceTree = "<group>"; };
		F49B42C82894087B00BE97D7 /* Extension+UIFont.swift */ = {isa = PBXFileReference; lastKnownFileType = sourcecode.swift; path = "Extension+UIFont.swift"; sourceTree = "<group>"; };
		F49B42CB28940BEC00BE97D7 /* ViewConstants.swift */ = {isa = PBXFileReference; lastKnownFileType = sourcecode.swift; path = ViewConstants.swift; sourceTree = "<group>"; };
		F49B42CD28940CDB00BE97D7 /* Extension+Int.swift */ = {isa = PBXFileReference; lastKnownFileType = sourcecode.swift; path = "Extension+Int.swift"; sourceTree = "<group>"; };
		F49B42D028940E7900BE97D7 /* Extension+CustomUIButton.swift */ = {isa = PBXFileReference; lastKnownFileType = sourcecode.swift; path = "Extension+CustomUIButton.swift"; sourceTree = "<group>"; };
/* End PBXFileReference section */

/* Begin PBXFrameworksBuildPhase section */
		F49B42882894009500BE97D7 /* Frameworks */ = {
			isa = PBXFrameworksBuildPhase;
			buildActionMask = 2147483647;
			files = (
			);
			runOnlyForDeploymentPostprocessing = 0;
		};
		F49B429E2894009800BE97D7 /* Frameworks */ = {
			isa = PBXFrameworksBuildPhase;
			buildActionMask = 2147483647;
			files = (
			);
			runOnlyForDeploymentPostprocessing = 0;
		};
		F49B42A82894009800BE97D7 /* Frameworks */ = {
			isa = PBXFrameworksBuildPhase;
			buildActionMask = 2147483647;
			files = (
			);
			runOnlyForDeploymentPostprocessing = 0;
		};
/* End PBXFrameworksBuildPhase section */

/* Begin PBXGroup section */
		F498D319289803940082D6B4 /* Network */ = {
			isa = PBXGroup;
			children = (
				F498D317289802BC0082D6B4 /* DataEndPoints.swift */,
				F498D31A289803AC0082D6B4 /* URLSessionManager.swift */,
			);
			path = Network;
			sourceTree = "<group>";
		};
		F49B42822894009500BE97D7 = {
			isa = PBXGroup;
			children = (
				F49B428D2894009500BE97D7 /* PokemonTask */,
				F49B42A42894009800BE97D7 /* PokemonTaskTests */,
				F49B42AE2894009800BE97D7 /* PokemonTaskUITests */,
				F49B428C2894009500BE97D7 /* Products */,
			);
			sourceTree = "<group>";
		};
		F49B428C2894009500BE97D7 /* Products */ = {
			isa = PBXGroup;
			children = (
				F49B428B2894009500BE97D7 /* PokemonTask.app */,
				F49B42A12894009800BE97D7 /* PokemonTaskTests.xctest */,
				F49B42AB2894009800BE97D7 /* PokemonTaskUITests.xctest */,
			);
			name = Products;
			sourceTree = "<group>";
		};
		F49B428D2894009500BE97D7 /* PokemonTask */ = {
			isa = PBXGroup;
			children = (
				F498D319289803940082D6B4 /* Network */,
				F49B42CA28940BBE00BE97D7 /* AppConstants */,
				F49B42C32894048400BE97D7 /* Extensions */,
				F49B42C1289402A900BE97D7 /* Supporting Files */,
				F49B42C2289402B500BE97D7 /* Screens */,
				F49B42C02894029800BE97D7 /* ViewModels */,
				F49B42BF2894028F00BE97D7 /* Views */,
				F49B42BE2894028100BE97D7 /* Models */,
				F49B429C2894009700BE97D7 /* Info.plist */,
			);
			path = PokemonTask;
			sourceTree = "<group>";
		};
		F49B42A42894009800BE97D7 /* PokemonTaskTests */ = {
			isa = PBXGroup;
			children = (
				F49B42A52894009800BE97D7 /* PokemonTaskTests.swift */,
			);
			path = PokemonTaskTests;
			sourceTree = "<group>";
		};
		F49B42AE2894009800BE97D7 /* PokemonTaskUITests */ = {
			isa = PBXGroup;
			children = (
				F49B42AF2894009800BE97D7 /* PokemonTaskUITests.swift */,
				F49B42B12894009800BE97D7 /* PokemonTaskUITestsLaunchTests.swift */,
			);
			path = PokemonTaskUITests;
			sourceTree = "<group>";
		};
		F49B42BE2894028100BE97D7 /* Models */ = {
			isa = PBXGroup;
			children = (
				F498D3132897F0450082D6B4 /* Pokemon.swift */,
				F498D3152898012A0082D6B4 /* PokemonsModel.swift */,
			);
			path = Models;
			sourceTree = "<group>";
		};
		F49B42BF2894028F00BE97D7 /* Views */ = {
			isa = PBXGroup;
			children = (
				F49B42C62894057600BE97D7 /* HomeViewController.swift */,
			);
			path = Views;
			sourceTree = "<group>";
		};
		F49B42C02894029800BE97D7 /* ViewModels */ = {
			isa = PBXGroup;
			children = (
			);
			path = ViewModels;
			sourceTree = "<group>";
		};
		F49B42C1289402A900BE97D7 /* Supporting Files */ = {
			isa = PBXGroup;
			children = (
				F49B42972894009700BE97D7 /* Assets.xcassets */,
				F49B428E2894009500BE97D7 /* AppDelegate.swift */,
				F49B42902894009500BE97D7 /* SceneDelegate.swift */,
			);
			path = "Supporting Files";
			sourceTree = "<group>";
		};
		F49B42C2289402B500BE97D7 /* Screens */ = {
			isa = PBXGroup;
			children = (
				F49B42942894009500BE97D7 /* Main.storyboard */,
				F49B42992894009700BE97D7 /* LaunchScreen.storyboard */,
			);
			name = Screens;
			sourceTree = "<group>";
		};
		F49B42C32894048400BE97D7 /* Extensions */ = {
			isa = PBXGroup;
			children = (
				F49B42C42894049D00BE97D7 /* Extension+CustomUIView.swift */,
				F49B42C82894087B00BE97D7 /* Extension+UIFont.swift */,
				F49B42CD28940CDB00BE97D7 /* Extension+Int.swift */,
				F49B42D028940E7900BE97D7 /* Extension+CustomUIButton.swift */,
			);
			path = Extensions;
			sourceTree = "<group>";
		};
		F49B42CA28940BBE00BE97D7 /* AppConstants */ = {
			isa = PBXGroup;
			children = (
				F49B42CB28940BEC00BE97D7 /* ViewConstants.swift */,
			);
			path = AppConstants;
			sourceTree = "<group>";
		};
/* End PBXGroup section */

/* Begin PBXNativeTarget section */
		F49B428A2894009500BE97D7 /* PokemonTask */ = {
			isa = PBXNativeTarget;
			buildConfigurationList = F49B42B52894009800BE97D7 /* Build configuration list for PBXNativeTarget "PokemonTask" */;
			buildPhases = (
				F49B42872894009500BE97D7 /* Sources */,
				F49B42882894009500BE97D7 /* Frameworks */,
				F49B42892894009500BE97D7 /* Resources */,
			);
			buildRules = (
			);
			dependencies = (
			);
			name = PokemonTask;
			productName = PokemonTask;
			productReference = F49B428B2894009500BE97D7 /* PokemonTask.app */;
			productType = "com.apple.product-type.application";
		};
		F49B42A02894009800BE97D7 /* PokemonTaskTests */ = {
			isa = PBXNativeTarget;
			buildConfigurationList = F49B42B82894009800BE97D7 /* Build configuration list for PBXNativeTarget "PokemonTaskTests" */;
			buildPhases = (
				F49B429D2894009800BE97D7 /* Sources */,
				F49B429E2894009800BE97D7 /* Frameworks */,
				F49B429F2894009800BE97D7 /* Resources */,
			);
			buildRules = (
			);
			dependencies = (
				F49B42A32894009800BE97D7 /* PBXTargetDependency */,
			);
			name = PokemonTaskTests;
			productName = PokemonTaskTests;
			productReference = F49B42A12894009800BE97D7 /* PokemonTaskTests.xctest */;
			productType = "com.apple.product-type.bundle.unit-test";
		};
		F49B42AA2894009800BE97D7 /* PokemonTaskUITests */ = {
			isa = PBXNativeTarget;
			buildConfigurationList = F49B42BB2894009800BE97D7 /* Build configuration list for PBXNativeTarget "PokemonTaskUITests" */;
			buildPhases = (
				F49B42A72894009800BE97D7 /* Sources */,
				F49B42A82894009800BE97D7 /* Frameworks */,
				F49B42A92894009800BE97D7 /* Resources */,
			);
			buildRules = (
			);
			dependencies = (
				F49B42AD2894009800BE97D7 /* PBXTargetDependency */,
			);
			name = PokemonTaskUITests;
			productName = PokemonTaskUITests;
			productReference = F49B42AB2894009800BE97D7 /* PokemonTaskUITests.xctest */;
			productType = "com.apple.product-type.bundle.ui-testing";
		};
/* End PBXNativeTarget section */

/* Begin PBXProject section */
		F49B42832894009500BE97D7 /* Project object */ = {
			isa = PBXProject;
			attributes = {
				BuildIndependentTargetsInParallel = 1;
				LastSwiftUpdateCheck = 1340;
				LastUpgradeCheck = 1340;
				TargetAttributes = {
					F49B428A2894009500BE97D7 = {
						CreatedOnToolsVersion = 13.4.1;
					};
					F49B42A02894009800BE97D7 = {
						CreatedOnToolsVersion = 13.4.1;
						TestTargetID = F49B428A2894009500BE97D7;
					};
					F49B42AA2894009800BE97D7 = {
						CreatedOnToolsVersion = 13.4.1;
						TestTargetID = F49B428A2894009500BE97D7;
					};
				};
			};
			buildConfigurationList = F49B42862894009500BE97D7 /* Build configuration list for PBXProject "PokemonTask" */;
			compatibilityVersion = "Xcode 13.0";
			developmentRegion = en;
			hasScannedForEncodings = 0;
			knownRegions = (
				en,
				Base,
			);
			mainGroup = F49B42822894009500BE97D7;
			productRefGroup = F49B428C2894009500BE97D7 /* Products */;
			projectDirPath = "";
			projectRoot = "";
			targets = (
				F49B428A2894009500BE97D7 /* PokemonTask */,
				F49B42A02894009800BE97D7 /* PokemonTaskTests */,
				F49B42AA2894009800BE97D7 /* PokemonTaskUITests */,
			);
		};
/* End PBXProject section */

/* Begin PBXResourcesBuildPhase section */
		F49B42892894009500BE97D7 /* Resources */ = {
			isa = PBXResourcesBuildPhase;
			buildActionMask = 2147483647;
			files = (
				F49B429B2894009700BE97D7 /* LaunchScreen.storyboard in Resources */,
				F49B42982894009700BE97D7 /* Assets.xcassets in Resources */,
				F49B42962894009500BE97D7 /* Main.storyboard in Resources */,
			);
			runOnlyForDeploymentPostprocessing = 0;
		};
		F49B429F2894009800BE97D7 /* Resources */ = {
			isa = PBXResourcesBuildPhase;
			buildActionMask = 2147483647;
			files = (
			);
			runOnlyForDeploymentPostprocessing = 0;
		};
		F49B42A92894009800BE97D7 /* Resources */ = {
			isa = PBXResourcesBuildPhase;
			buildActionMask = 2147483647;
			files = (
			);
			runOnlyForDeploymentPostprocessing = 0;
		};
/* End PBXResourcesBuildPhase section */

/* Begin PBXSourcesBuildPhase section */
		F49B42872894009500BE97D7 /* Sources */ = {
			isa = PBXSourcesBuildPhase;
			buildActionMask = 2147483647;
			files = (
				F498D31B289803AC0082D6B4 /* URLSessionManager.swift in Sources */,
				F49B42CC28940BEC00BE97D7 /* ViewConstants.swift in Sources */,
				F49B42C92894087B00BE97D7 /* Extension+UIFont.swift in Sources */,
				F49B428F2894009500BE97D7 /* AppDelegate.swift in Sources */,
				F498D3162898012A0082D6B4 /* PokemonsModel.swift in Sources */,
				F49B42CE28940CDB00BE97D7 /* Extension+Int.swift in Sources */,
				F49B42C52894049D00BE97D7 /* Extension+CustomUIView.swift in Sources */,
				F498D3142897F0450082D6B4 /* Pokemon.swift in Sources */,
				F49B42D128940E7900BE97D7 /* Extension+CustomUIButton.swift in Sources */,
				F49B42912894009500BE97D7 /* SceneDelegate.swift in Sources */,
				F49B42C72894057600BE97D7 /* HomeViewController.swift in Sources */,
				F498D318289802BC0082D6B4 /* DataEndPoints.swift in Sources */,
			);
			runOnlyForDeploymentPostprocessing = 0;
		};
		F49B429D2894009800BE97D7 /* Sources */ = {
			isa = PBXSourcesBuildPhase;
			buildActionMask = 2147483647;
			files = (
				F49B42A62894009800BE97D7 /* PokemonTaskTests.swift in Sources */,
			);
			runOnlyForDeploymentPostprocessing = 0;
		};
		F49B42A72894009800BE97D7 /* Sources */ = {
			isa = PBXSourcesBuildPhase;
			buildActionMask = 2147483647;
			files = (
				F49B42B02894009800BE97D7 /* PokemonTaskUITests.swift in Sources */,
				F49B42B22894009800BE97D7 /* PokemonTaskUITestsLaunchTests.swift in Sources */,
			);
			runOnlyForDeploymentPostprocessing = 0;
		};
/* End PBXSourcesBuildPhase section */

/* Begin PBXTargetDependency section */
		F49B42A32894009800BE97D7 /* PBXTargetDependency */ = {
			isa = PBXTargetDependency;
			target = F49B428A2894009500BE97D7 /* PokemonTask */;
			targetProxy = F49B42A22894009800BE97D7 /* PBXContainerItemProxy */;
		};
		F49B42AD2894009800BE97D7 /* PBXTargetDependency */ = {
			isa = PBXTargetDependency;
			target = F49B428A2894009500BE97D7 /* PokemonTask */;
			targetProxy = F49B42AC2894009800BE97D7 /* PBXContainerItemProxy */;
		};
/* End PBXTargetDependency section */

/* Begin PBXVariantGroup section */
		F49B42942894009500BE97D7 /* Main.storyboard */ = {
			isa = PBXVariantGroup;
			children = (
				F49B42952894009500BE97D7 /* Base */,
			);
			name = Main.storyboard;
			sourceTree = "<group>";
		};
		F49B42992894009700BE97D7 /* LaunchScreen.storyboard */ = {
			isa = PBXVariantGroup;
			children = (
				F49B429A2894009700BE97D7 /* Base */,
			);
			name = LaunchScreen.storyboard;
			sourceTree = "<group>";
		};
/* End PBXVariantGroup section */

/* Begin XCBuildConfiguration section */
		F49B42B32894009800BE97D7 /* Debug */ = {
			isa = XCBuildConfiguration;
			buildSettings = {
				ALWAYS_SEARCH_USER_PATHS = NO;
				CLANG_ANALYZER_NONNULL = YES;
				CLANG_ANALYZER_NUMBER_OBJECT_CONVERSION = YES_AGGRESSIVE;
				CLANG_CXX_LANGUAGE_STANDARD = "gnu++17";
				CLANG_ENABLE_MODULES = YES;
				CLANG_ENABLE_OBJC_ARC = YES;
				CLANG_ENABLE_OBJC_WEAK = YES;
				CLANG_WARN_BLOCK_CAPTURE_AUTORELEASING = YES;
				CLANG_WARN_BOOL_CONVERSION = YES;
				CLANG_WARN_COMMA = YES;
				CLANG_WARN_CONSTANT_CONVERSION = YES;
				CLANG_WARN_DEPRECATED_OBJC_IMPLEMENTATIONS = YES;
				CLANG_WARN_DIRECT_OBJC_ISA_USAGE = YES_ERROR;
				CLANG_WARN_DOCUMENTATION_COMMENTS = YES;
				CLANG_WARN_EMPTY_BODY = YES;
				CLANG_WARN_ENUM_CONVERSION = YES;
				CLANG_WARN_INFINITE_RECURSION = YES;
				CLANG_WARN_INT_CONVERSION = YES;
				CLANG_WARN_NON_LITERAL_NULL_CONVERSION = YES;
				CLANG_WARN_OBJC_IMPLICIT_RETAIN_SELF = YES;
				CLANG_WARN_OBJC_LITERAL_CONVERSION = YES;
				CLANG_WARN_OBJC_ROOT_CLASS = YES_ERROR;
				CLANG_WARN_QUOTED_INCLUDE_IN_FRAMEWORK_HEADER = YES;
				CLANG_WARN_RANGE_LOOP_ANALYSIS = YES;
				CLANG_WARN_STRICT_PROTOTYPES = YES;
				CLANG_WARN_SUSPICIOUS_MOVE = YES;
				CLANG_WARN_UNGUARDED_AVAILABILITY = YES_AGGRESSIVE;
				CLANG_WARN_UNREACHABLE_CODE = YES;
				CLANG_WARN__DUPLICATE_METHOD_MATCH = YES;
				COPY_PHASE_STRIP = NO;
				DEBUG_INFORMATION_FORMAT = dwarf;
				ENABLE_STRICT_OBJC_MSGSEND = YES;
				ENABLE_TESTABILITY = YES;
				GCC_C_LANGUAGE_STANDARD = gnu11;
				GCC_DYNAMIC_NO_PIC = NO;
				GCC_NO_COMMON_BLOCKS = YES;
				GCC_OPTIMIZATION_LEVEL = 0;
				GCC_PREPROCESSOR_DEFINITIONS = (
					"DEBUG=1",
					"$(inherited)",
				);
				GCC_WARN_64_TO_32_BIT_CONVERSION = YES;
				GCC_WARN_ABOUT_RETURN_TYPE = YES_ERROR;
				GCC_WARN_UNDECLARED_SELECTOR = YES;
				GCC_WARN_UNINITIALIZED_AUTOS = YES_AGGRESSIVE;
				GCC_WARN_UNUSED_FUNCTION = YES;
				GCC_WARN_UNUSED_VARIABLE = YES;
				IPHONEOS_DEPLOYMENT_TARGET = 15.5;
				MTL_ENABLE_DEBUG_INFO = INCLUDE_SOURCE;
				MTL_FAST_MATH = YES;
				ONLY_ACTIVE_ARCH = YES;
				SDKROOT = iphoneos;
				SWIFT_ACTIVE_COMPILATION_CONDITIONS = DEBUG;
				SWIFT_OPTIMIZATION_LEVEL = "-Onone";
			};
			name = Debug;
		};
		F49B42B42894009800BE97D7 /* Release */ = {
			isa = XCBuildConfiguration;
			buildSettings = {
				ALWAYS_SEARCH_USER_PATHS = NO;
				CLANG_ANALYZER_NONNULL = YES;
				CLANG_ANALYZER_NUMBER_OBJECT_CONVERSION = YES_AGGRESSIVE;
				CLANG_CXX_LANGUAGE_STANDARD = "gnu++17";
				CLANG_ENABLE_MODULES = YES;
				CLANG_ENABLE_OBJC_ARC = YES;
				CLANG_ENABLE_OBJC_WEAK = YES;
				CLANG_WARN_BLOCK_CAPTURE_AUTORELEASING = YES;
				CLANG_WARN_BOOL_CONVERSION = YES;
				CLANG_WARN_COMMA = YES;
				CLANG_WARN_CONSTANT_CONVERSION = YES;
				CLANG_WARN_DEPRECATED_OBJC_IMPLEMENTATIONS = YES;
				CLANG_WARN_DIRECT_OBJC_ISA_USAGE = YES_ERROR;
				CLANG_WARN_DOCUMENTATION_COMMENTS = YES;
				CLANG_WARN_EMPTY_BODY = YES;
				CLANG_WARN_ENUM_CONVERSION = YES;
				CLANG_WARN_INFINITE_RECURSION = YES;
				CLANG_WARN_INT_CONVERSION = YES;
				CLANG_WARN_NON_LITERAL_NULL_CONVERSION = YES;
				CLANG_WARN_OBJC_IMPLICIT_RETAIN_SELF = YES;
				CLANG_WARN_OBJC_LITERAL_CONVERSION = YES;
				CLANG_WARN_OBJC_ROOT_CLASS = YES_ERROR;
				CLANG_WARN_QUOTED_INCLUDE_IN_FRAMEWORK_HEADER = YES;
				CLANG_WARN_RANGE_LOOP_ANALYSIS = YES;
				CLANG_WARN_STRICT_PROTOTYPES = YES;
				CLANG_WARN_SUSPICIOUS_MOVE = YES;
				CLANG_WARN_UNGUARDED_AVAILABILITY = YES_AGGRESSIVE;
				CLANG_WARN_UNREACHABLE_CODE = YES;
				CLANG_WARN__DUPLICATE_METHOD_MATCH = YES;
				COPY_PHASE_STRIP = NO;
				DEBUG_INFORMATION_FORMAT = "dwarf-with-dsym";
				ENABLE_NS_ASSERTIONS = NO;
				ENABLE_STRICT_OBJC_MSGSEND = YES;
				GCC_C_LANGUAGE_STANDARD = gnu11;
				GCC_NO_COMMON_BLOCKS = YES;
				GCC_WARN_64_TO_32_BIT_CONVERSION = YES;
				GCC_WARN_ABOUT_RETURN_TYPE = YES_ERROR;
				GCC_WARN_UNDECLARED_SELECTOR = YES;
				GCC_WARN_UNINITIALIZED_AUTOS = YES_AGGRESSIVE;
				GCC_WARN_UNUSED_FUNCTION = YES;
				GCC_WARN_UNUSED_VARIABLE = YES;
				IPHONEOS_DEPLOYMENT_TARGET = 15.5;
				MTL_ENABLE_DEBUG_INFO = NO;
				MTL_FAST_MATH = YES;
				SDKROOT = iphoneos;
				SWIFT_COMPILATION_MODE = wholemodule;
				SWIFT_OPTIMIZATION_LEVEL = "-O";
				VALIDATE_PRODUCT = YES;
			};
			name = Release;
		};
		F49B42B62894009800BE97D7 /* Debug */ = {
			isa = XCBuildConfiguration;
			buildSettings = {
				ASSETCATALOG_COMPILER_APPICON_NAME = AppIcon;
				ASSETCATALOG_COMPILER_GLOBAL_ACCENT_COLOR_NAME = AccentColor;
				CODE_SIGN_STYLE = Automatic;
				CURRENT_PROJECT_VERSION = 1;
				DEVELOPMENT_TEAM = 3F2Y7B7Z54;
				GENERATE_INFOPLIST_FILE = YES;
				INFOPLIST_FILE = PokemonTask/Info.plist;
				INFOPLIST_KEY_UIApplicationSupportsIndirectInputEvents = YES;
				INFOPLIST_KEY_UILaunchStoryboardName = LaunchScreen;
				INFOPLIST_KEY_UIMainStoryboardFile = Main;
				INFOPLIST_KEY_UISupportedInterfaceOrientations = "UIInterfaceOrientationPortrait UIInterfaceOrientationPortraitUpsideDown UIInterfaceOrientationLandscapeLeft UIInterfaceOrientationLandscapeRight";
				INFOPLIST_KEY_UISupportedInterfaceOrientations_iPad = "UIInterfaceOrientationPortrait UIInterfaceOrientationPortraitUpsideDown UIInterfaceOrientationLandscapeLeft UIInterfaceOrientationLandscapeRight";
				INFOPLIST_KEY_UISupportedInterfaceOrientations_iPhone = "UIInterfaceOrientationPortrait UIInterfaceOrientationLandscapeLeft UIInterfaceOrientationLandscapeRight";
				LD_RUNPATH_SEARCH_PATHS = (
					"$(inherited)",
					"@executable_path/Frameworks",
				);
				MARKETING_VERSION = 1.0;
				PRODUCT_BUNDLE_IDENTIFIER = CBeratAltuntas.PokemonTask;
				PRODUCT_NAME = "$(TARGET_NAME)";
				SWIFT_EMIT_LOC_STRINGS = YES;
				SWIFT_VERSION = 5.0;
				TARGETED_DEVICE_FAMILY = "1,2";
			};
			name = Debug;
		};
		F49B42B72894009800BE97D7 /* Release */ = {
			isa = XCBuildConfiguration;
			buildSettings = {
				ASSETCATALOG_COMPILER_APPICON_NAME = AppIcon;
				ASSETCATALOG_COMPILER_GLOBAL_ACCENT_COLOR_NAME = AccentColor;
				CODE_SIGN_STYLE = Automatic;
				CURRENT_PROJECT_VERSION = 1;
				DEVELOPMENT_TEAM = 3F2Y7B7Z54;
				GENERATE_INFOPLIST_FILE = YES;
				INFOPLIST_FILE = PokemonTask/Info.plist;
				INFOPLIST_KEY_UIApplicationSupportsIndirectInputEvents = YES;
				INFOPLIST_KEY_UILaunchStoryboardName = LaunchScreen;
				INFOPLIST_KEY_UIMainStoryboardFile = Main;
				INFOPLIST_KEY_UISupportedInterfaceOrientations = "UIInterfaceOrientationPortrait UIInterfaceOrientationPortraitUpsideDown UIInterfaceOrientationLandscapeLeft UIInterfaceOrientationLandscapeRight";
				INFOPLIST_KEY_UISupportedInterfaceOrientations_iPad = "UIInterfaceOrientationPortrait UIInterfaceOrientationPortraitUpsideDown UIInterfaceOrientationLandscapeLeft UIInterfaceOrientationLandscapeRight";
				INFOPLIST_KEY_UISupportedInterfaceOrientations_iPhone = "UIInterfaceOrientationPortrait UIInterfaceOrientationLandscapeLeft UIInterfaceOrientationLandscapeRight";
				LD_RUNPATH_SEARCH_PATHS = (
					"$(inherited)",
					"@executable_path/Frameworks",
				);
				MARKETING_VERSION = 1.0;
				PRODUCT_BUNDLE_IDENTIFIER = CBeratAltuntas.PokemonTask;
				PRODUCT_NAME = "$(TARGET_NAME)";
				SWIFT_EMIT_LOC_STRINGS = YES;
				SWIFT_VERSION = 5.0;
				TARGETED_DEVICE_FAMILY = "1,2";
			};
			name = Release;
		};
		F49B42B92894009800BE97D7 /* Debug */ = {
			isa = XCBuildConfiguration;
			buildSettings = {
				ALWAYS_EMBED_SWIFT_STANDARD_LIBRARIES = YES;
				BUNDLE_LOADER = "$(TEST_HOST)";
				CODE_SIGN_STYLE = Automatic;
				CURRENT_PROJECT_VERSION = 1;
				DEVELOPMENT_TEAM = 3F2Y7B7Z54;
				GENERATE_INFOPLIST_FILE = YES;
				IPHONEOS_DEPLOYMENT_TARGET = 15.5;
				MARKETING_VERSION = 1.0;
				PRODUCT_BUNDLE_IDENTIFIER = CBeratAltuntas.PokemonTaskTests;
				PRODUCT_NAME = "$(TARGET_NAME)";
				SWIFT_EMIT_LOC_STRINGS = NO;
				SWIFT_VERSION = 5.0;
				TARGETED_DEVICE_FAMILY = "1,2";
				TEST_HOST = "$(BUILT_PRODUCTS_DIR)/PokemonTask.app/PokemonTask";
			};
			name = Debug;
		};
		F49B42BA2894009800BE97D7 /* Release */ = {
			isa = XCBuildConfiguration;
			buildSettings = {
				ALWAYS_EMBED_SWIFT_STANDARD_LIBRARIES = YES;
				BUNDLE_LOADER = "$(TEST_HOST)";
				CODE_SIGN_STYLE = Automatic;
				CURRENT_PROJECT_VERSION = 1;
				DEVELOPMENT_TEAM = 3F2Y7B7Z54;
				GENERATE_INFOPLIST_FILE = YES;
				IPHONEOS_DEPLOYMENT_TARGET = 15.5;
				MARKETING_VERSION = 1.0;
				PRODUCT_BUNDLE_IDENTIFIER = CBeratAltuntas.PokemonTaskTests;
				PRODUCT_NAME = "$(TARGET_NAME)";
				SWIFT_EMIT_LOC_STRINGS = NO;
				SWIFT_VERSION = 5.0;
				TARGETED_DEVICE_FAMILY = "1,2";
				TEST_HOST = "$(BUILT_PRODUCTS_DIR)/PokemonTask.app/PokemonTask";
			};
			name = Release;
		};
		F49B42BC2894009800BE97D7 /* Debug */ = {
			isa = XCBuildConfiguration;
			buildSettings = {
				ALWAYS_EMBED_SWIFT_STANDARD_LIBRARIES = YES;
				CODE_SIGN_STYLE = Automatic;
				CURRENT_PROJECT_VERSION = 1;
				DEVELOPMENT_TEAM = 3F2Y7B7Z54;
				GENERATE_INFOPLIST_FILE = YES;
				MARKETING_VERSION = 1.0;
				PRODUCT_BUNDLE_IDENTIFIER = CBeratAltuntas.PokemonTaskUITests;
				PRODUCT_NAME = "$(TARGET_NAME)";
				SWIFT_EMIT_LOC_STRINGS = NO;
				SWIFT_VERSION = 5.0;
				TARGETED_DEVICE_FAMILY = "1,2";
				TEST_TARGET_NAME = PokemonTask;
			};
			name = Debug;
		};
		F49B42BD2894009800BE97D7 /* Release */ = {
			isa = XCBuildConfiguration;
			buildSettings = {
				ALWAYS_EMBED_SWIFT_STANDARD_LIBRARIES = YES;
				CODE_SIGN_STYLE = Automatic;
				CURRENT_PROJECT_VERSION = 1;
				DEVELOPMENT_TEAM = 3F2Y7B7Z54;
				GENERATE_INFOPLIST_FILE = YES;
				MARKETING_VERSION = 1.0;
				PRODUCT_BUNDLE_IDENTIFIER = CBeratAltuntas.PokemonTaskUITests;
				PRODUCT_NAME = "$(TARGET_NAME)";
				SWIFT_EMIT_LOC_STRINGS = NO;
				SWIFT_VERSION = 5.0;
				TARGETED_DEVICE_FAMILY = "1,2";
				TEST_TARGET_NAME = PokemonTask;
			};
			name = Release;
		};
/* End XCBuildConfiguration section */

/* Begin XCConfigurationList section */
		F49B42862894009500BE97D7 /* Build configuration list for PBXProject "PokemonTask" */ = {
			isa = XCConfigurationList;
			buildConfigurations = (
				F49B42B32894009800BE97D7 /* Debug */,
				F49B42B42894009800BE97D7 /* Release */,
			);
			defaultConfigurationIsVisible = 0;
			defaultConfigurationName = Release;
		};
		F49B42B52894009800BE97D7 /* Build configuration list for PBXNativeTarget "PokemonTask" */ = {
			isa = XCConfigurationList;
			buildConfigurations = (
				F49B42B62894009800BE97D7 /* Debug */,
				F49B42B72894009800BE97D7 /* Release */,
			);
			defaultConfigurationIsVisible = 0;
			defaultConfigurationName = Release;
		};
		F49B42B82894009800BE97D7 /* Build configuration list for PBXNativeTarget "PokemonTaskTests" */ = {
			isa = XCConfigurationList;
			buildConfigurations = (
				F49B42B92894009800BE97D7 /* Debug */,
				F49B42BA2894009800BE97D7 /* Release */,
			);
			defaultConfigurationIsVisible = 0;
			defaultConfigurationName = Release;
		};
		F49B42BB2894009800BE97D7 /* Build configuration list for PBXNativeTarget "PokemonTaskUITests" */ = {
			isa = XCConfigurationList;
			buildConfigurations = (
				F49B42BC2894009800BE97D7 /* Debug */,
				F49B42BD2894009800BE97D7 /* Release */,
			);
			defaultConfigurationIsVisible = 0;
			defaultConfigurationName = Release;
		};
/* End XCConfigurationList section */
	};
	rootObject = F49B42832894009500BE97D7 /* Project object */;
}
